# THIS IS AN AUTOGENERATED FILE. DO NOT EDIT THIS FILE DIRECTLY.
# yarn lockfile v1


"@types/jquery@3.2.0":
  version "3.2.0"
  resolved "https://registry.yarnpkg.com/@types/jquery/-/jquery-3.2.0.tgz#f96840a1ed5c5c8e0408e1937b625beb3bc24572"
  integrity sha512-3LoWmwkQupeIlamsQRwKX+hlG7ZBTK7o1Cwmtaf9ME5Vr3YX1nKNmE6wBUBy5vD9HqDFCIN3bZ903zvjeRZYnw==

"@types/node@*":
  version "20.10.4"
  resolved "https://registry.yarnpkg.com/@types/node/-/node-20.10.4.tgz#b246fd84d55d5b1b71bf51f964bd514409347198"
  integrity sha512-D08YG6rr8X90YB56tSIuBaddy/UXAA9RKJoFvrsnogAum/0pmjkgi4+2nx96A330FmioegBWmEYQ+syqCFaveg==
  dependencies:
    undici-types "~5.26.4"

"@types/pixi.js@4.8.2":
  version "4.8.2"
  resolved "https://registry.yarnpkg.com/@types/pixi.js/-/pixi.js-4.8.2.tgz#e711c8d083752e0f24bbe069e6bb361111fb4d2a"
  integrity sha512-W5ER6is/fjaFzzl1F+B8kw0mNu0LSCUKNwIWaIFRb24a9jHEnvNo/sL0L/vP/ryTAVCo7/ZTcE2f+zE7rVZBdA==

"@types/socket.io@1.4":
  version "1.4.42"
  resolved "https://registry.yarnpkg.com/@types/socket.io/-/socket.io-1.4.42.tgz#cd2750542d95db888e161b88c85d38162f21fbbb"
  integrity sha512-2SnWce3DiBVkswhJgpo4FSoMTAAHksxYOFXaBZe4icrrrvpXee8yUPOZT77xzWvLZw63QpREUHHWzM4lQpHjtA==
  dependencies:
    "@types/node" "*"

typed-adventureland@^0.0.43:
  version "0.0.43"
  resolved "https://registry.yarnpkg.com/typed-adventureland/-/typed-adventureland-0.0.43.tgz#56da7c693616f1d2384db168cb6ecb566e701a80"
  integrity sha512-R9ISqaEOW2kLRrfWdjHzuVVxGMzYwcDFcoBfnqJ+Ahd/P5Hv83MnS3nj8LUkpFKCxCeKn6oIjRIo2KRufgikXQ==
  dependencies:
    "@types/jquery" "3.2.0"
    "@types/pixi.js" "4.8.2"
    "@types/socket.io" "1.4"

undici-types@~5.26.4:
  version "5.26.5"
  resolved "https://registry.yarnpkg.com/undici-types/-/undici-types-5.26.5.tgz#bcd539893d00b56e964fd2657a4866b221a65617"
  integrity sha512-JlCMO+ehdEIKqlFxk6IfVoAUVmgz7cU7zD/h9XZ0qzeosSHmUJVOzSQvvYSYWXkFXC+IfLKSIffhv0sVZup6pA==
